// !$*UTF8*$!
{
	archiveVersion = 1;
	classes = {
	};
	objectVersion = 56;
	objects = {

/* Begin PBXBuildFile section */
		4B10CC1C2C5AF06B003BF83C /* SecurityRules.swift in Sources */ = {isa = PBXBuildFile; fileRef = 4B10CC1B2C5AF06B003BF83C /* SecurityRules.swift */; };
		4B1D570D2C485D740054BE00 /* TabbarView.swift in Sources */ = {isa = PBXBuildFile; fileRef = 4B1D570C2C485D740054BE00 /* TabbarView.swift */; };
		4B1D57102C4860F90054BE00 /* FavoriteView.swift in Sources */ = {isa = PBXBuildFile; fileRef = 4B1D570F2C4860F90054BE00 /* FavoriteView.swift */; };
		4B466EBE2C2239A1000896F2 /* swftUI_FirebaseProjectApp.swift in Sources */ = {isa = PBXBuildFile; fileRef = 4B466EBD2C2239A1000896F2 /* swftUI_FirebaseProjectApp.swift */; };
		4B466EC22C2239A2000896F2 /* Assets.xcassets in Resources */ = {isa = PBXBuildFile; fileRef = 4B466EC12C2239A2000896F2 /* Assets.xcassets */; };
		4B466EC52C2239A2000896F2 /* Preview Assets.xcassets in Resources */ = {isa = PBXBuildFile; fileRef = 4B466EC42C2239A2000896F2 /* Preview Assets.xcassets */; };
		4B5B31032C50599800FE96C6 /* Query+EXT.swift in Sources */ = {isa = PBXBuildFile; fileRef = 4B5B31022C50599800FE96C6 /* Query+EXT.swift */; };
		4B5B31072C505A6A00FE96C6 /* OnFirstAppearViewModifier.swift in Sources */ = {isa = PBXBuildFile; fileRef = 4B5B31062C505A6A00FE96C6 /* OnFirstAppearViewModifier.swift */; };
		4B5B31092C505B3800FE96C6 /* FavoriteViewModel.swift in Sources */ = {isa = PBXBuildFile; fileRef = 4B5B31082C505B3800FE96C6 /* FavoriteViewModel.swift */; };
		4B5B310C2C505BD800FE96C6 /* ProductsViewModel.swift in Sources */ = {isa = PBXBuildFile; fileRef = 4B5B310B2C505BD800FE96C6 /* ProductsViewModel.swift */; };
		4B7021692C2B4A5F00C2EC9F /* GoogleSignIn in Frameworks */ = {isa = PBXBuildFile; productRef = 4B7021682C2B4A5F00C2EC9F /* GoogleSignIn */; };
		4B70216B2C2B4A5F00C2EC9F /* GoogleSignInSwift in Frameworks */ = {isa = PBXBuildFile; productRef = 4B70216A2C2B4A5F00C2EC9F /* GoogleSignInSwift */; };
		4B70216F2C2B507A00C2EC9F /* Utilities.swift in Sources */ = {isa = PBXBuildFile; fileRef = 4B70216E2C2B507A00C2EC9F /* Utilities.swift */; };
		4B7021712C2B640F00C2EC9F /* SignInGoogleHelper.swift in Sources */ = {isa = PBXBuildFile; fileRef = 4B7021702C2B640F00C2EC9F /* SignInGoogleHelper.swift */; };
		4B72EF3B2C223E76008DC0EA /* FirebaseAnalytics in Frameworks */ = {isa = PBXBuildFile; productRef = 4B72EF3A2C223E76008DC0EA /* FirebaseAnalytics */; };
		4B72EF3D2C223E76008DC0EA /* FirebaseAnalyticsSwift in Frameworks */ = {isa = PBXBuildFile; productRef = 4B72EF3C2C223E76008DC0EA /* FirebaseAnalyticsSwift */; };
		4B72EF412C23774D008DC0EA /* GoogleService-Info.plist in Resources */ = {isa = PBXBuildFile; fileRef = 4B72EF402C23774D008DC0EA /* GoogleService-Info.plist */; };
		4B72EF452C23785A008DC0EA /* FirebaseAuth in Frameworks */ = {isa = PBXBuildFile; productRef = 4B72EF442C23785A008DC0EA /* FirebaseAuth */; };
		4B72EF472C2378EE008DC0EA /* AuthenticationView.swift in Sources */ = {isa = PBXBuildFile; fileRef = 4B72EF462C2378EE008DC0EA /* AuthenticationView.swift */; };
		4B72EF492C237A26008DC0EA /* SignInEmailView.swift in Sources */ = {isa = PBXBuildFile; fileRef = 4B72EF482C237A26008DC0EA /* SignInEmailView.swift */; };
		4B72EF4B2C237C93008DC0EA /* AuthenticationManager.swift in Sources */ = {isa = PBXBuildFile; fileRef = 4B72EF4A2C237C93008DC0EA /* AuthenticationManager.swift */; };
		4B72EF502C237CDB008DC0EA /* SignInEmailViewModel.swift in Sources */ = {isa = PBXBuildFile; fileRef = 4B72EF4F2C237CDB008DC0EA /* SignInEmailViewModel.swift */; };
		4B72EF522C245445008DC0EA /* RootView.swift in Sources */ = {isa = PBXBuildFile; fileRef = 4B72EF512C245445008DC0EA /* RootView.swift */; };
		4B72EF542C245A65008DC0EA /* SettingsView.swift in Sources */ = {isa = PBXBuildFile; fileRef = 4B72EF532C245A65008DC0EA /* SettingsView.swift */; };
		4B98892B2C38A6FB00A3D4B8 /* ProductCellView.swift in Sources */ = {isa = PBXBuildFile; fileRef = 4B98892A2C38A6FB00A3D4B8 /* ProductCellView.swift */; };
		4BA4B0692C2EDA7F004DB95B /* FirebaseFirestore in Frameworks */ = {isa = PBXBuildFile; productRef = 4BA4B0682C2EDA7F004DB95B /* FirebaseFirestore */; };
		4BA4B06B2C2EDA7F004DB95B /* FirebaseFirestoreSwift in Frameworks */ = {isa = PBXBuildFile; productRef = 4BA4B06A2C2EDA7F004DB95B /* FirebaseFirestoreSwift */; };
		4BA4B06F2C2EDB7A004DB95B /* SettingsViewModel.swift in Sources */ = {isa = PBXBuildFile; fileRef = 4BA4B06E2C2EDB7A004DB95B /* SettingsViewModel.swift */; };
		4BA4B0712C2EDC57004DB95B /* AuthenticationViewModel.swift in Sources */ = {isa = PBXBuildFile; fileRef = 4BA4B0702C2EDC57004DB95B /* AuthenticationViewModel.swift */; };
		4BA4B0752C2EDD4B004DB95B /* ProfileView.swift in Sources */ = {isa = PBXBuildFile; fileRef = 4BA4B0742C2EDD4B004DB95B /* ProfileView.swift */; };
		4BA4B0782C2EE4BE004DB95B /* UserManager.swift in Sources */ = {isa = PBXBuildFile; fileRef = 4BA4B0772C2EE4BE004DB95B /* UserManager.swift */; };
		4BB5FCDD2C494F140046F61D /* ProductCellViewBuilder.swift in Sources */ = {isa = PBXBuildFile; fileRef = 4BB5FCDC2C494F140046F61D /* ProductCellViewBuilder.swift */; };
		4BEFCEAF2C3737FD001BA51E /* ProductsView.swift in Sources */ = {isa = PBXBuildFile; fileRef = 4BEFCEAE2C3737FD001BA51E /* ProductsView.swift */; };
		4BEFCEB12C3740CC001BA51E /* ProductsDatabase.swift in Sources */ = {isa = PBXBuildFile; fileRef = 4BEFCEB02C3740CC001BA51E /* ProductsDatabase.swift */; };
		4BEFCEB32C374DDE001BA51E /* ProductsManager.swift in Sources */ = {isa = PBXBuildFile; fileRef = 4BEFCEB22C374DDE001BA51E /* ProductsManager.swift */; };
/* End PBXBuildFile section */

/* Begin PBXFileReference section */
		4B10CC1B2C5AF06B003BF83C /* SecurityRules.swift */ = {isa = PBXFileReference; lastKnownFileType = sourcecode.swift; path = SecurityRules.swift; sourceTree = "<group>"; };
		4B1D570C2C485D740054BE00 /* TabbarView.swift */ = {isa = PBXFileReference; lastKnownFileType = sourcecode.swift; path = TabbarView.swift; sourceTree = "<group>"; };
		4B1D570F2C4860F90054BE00 /* FavoriteView.swift */ = {isa = PBXFileReference; lastKnownFileType = sourcecode.swift; path = FavoriteView.swift; sourceTree = "<group>"; };
		4B466EBA2C2239A1000896F2 /* swftUI_FirebaseProject.app */ = {isa = PBXFileReference; explicitFileType = wrapper.application; includeInIndex = 0; path = swftUI_FirebaseProject.app; sourceTree = BUILT_PRODUCTS_DIR; };
		4B466EBD2C2239A1000896F2 /* swftUI_FirebaseProjectApp.swift */ = {isa = PBXFileReference; lastKnownFileType = sourcecode.swift; path = swftUI_FirebaseProjectApp.swift; sourceTree = "<group>"; };
		4B466EC12C2239A2000896F2 /* Assets.xcassets */ = {isa = PBXFileReference; lastKnownFileType = folder.assetcatalog; path = Assets.xcassets; sourceTree = "<group>"; };
		4B466EC42C2239A2000896F2 /* Preview Assets.xcassets */ = {isa = PBXFileReference; lastKnownFileType = folder.assetcatalog; path = "Preview Assets.xcassets"; sourceTree = "<group>"; };
		4B5B31022C50599800FE96C6 /* Query+EXT.swift */ = {isa = PBXFileReference; lastKnownFileType = sourcecode.swift; path = "Query+EXT.swift"; sourceTree = "<group>"; };
		4B5B31062C505A6A00FE96C6 /* OnFirstAppearViewModifier.swift */ = {isa = PBXFileReference; lastKnownFileType = sourcecode.swift; path = OnFirstAppearViewModifier.swift; sourceTree = "<group>"; };
		4B5B31082C505B3800FE96C6 /* FavoriteViewModel.swift */ = {isa = PBXFileReference; lastKnownFileType = sourcecode.swift; path = FavoriteViewModel.swift; sourceTree = "<group>"; };
		4B5B310B2C505BD800FE96C6 /* ProductsViewModel.swift */ = {isa = PBXFileReference; lastKnownFileType = sourcecode.swift; path = ProductsViewModel.swift; sourceTree = "<group>"; };
		4B70216C2C2B4CBB00C2EC9F /* swftUI-FirebaseProject-Info.plist */ = {isa = PBXFileReference; lastKnownFileType = text.plist; path = "swftUI-FirebaseProject-Info.plist"; sourceTree = SOURCE_ROOT; };
		4B70216E2C2B507A00C2EC9F /* Utilities.swift */ = {isa = PBXFileReference; lastKnownFileType = sourcecode.swift; path = Utilities.swift; sourceTree = "<group>"; };
		4B7021702C2B640F00C2EC9F /* SignInGoogleHelper.swift */ = {isa = PBXFileReference; lastKnownFileType = sourcecode.swift; path = SignInGoogleHelper.swift; sourceTree = "<group>"; };
		4B72EF402C23774D008DC0EA /* GoogleService-Info.plist */ = {isa = PBXFileReference; fileEncoding = 4; lastKnownFileType = text.plist.xml; path = "GoogleService-Info.plist"; sourceTree = "<group>"; };
		4B72EF462C2378EE008DC0EA /* AuthenticationView.swift */ = {isa = PBXFileReference; lastKnownFileType = sourcecode.swift; path = AuthenticationView.swift; sourceTree = "<group>"; };
		4B72EF482C237A26008DC0EA /* SignInEmailView.swift */ = {isa = PBXFileReference; lastKnownFileType = sourcecode.swift; path = SignInEmailView.swift; sourceTree = "<group>"; };
		4B72EF4A2C237C93008DC0EA /* AuthenticationManager.swift */ = {isa = PBXFileReference; lastKnownFileType = sourcecode.swift; path = AuthenticationManager.swift; sourceTree = "<group>"; };
		4B72EF4F2C237CDB008DC0EA /* SignInEmailViewModel.swift */ = {isa = PBXFileReference; lastKnownFileType = sourcecode.swift; path = SignInEmailViewModel.swift; sourceTree = "<group>"; };
		4B72EF512C245445008DC0EA /* RootView.swift */ = {isa = PBXFileReference; lastKnownFileType = sourcecode.swift; path = RootView.swift; sourceTree = "<group>"; };
		4B72EF532C245A65008DC0EA /* SettingsView.swift */ = {isa = PBXFileReference; lastKnownFileType = sourcecode.swift; path = SettingsView.swift; sourceTree = "<group>"; };
		4B98892A2C38A6FB00A3D4B8 /* ProductCellView.swift */ = {isa = PBXFileReference; lastKnownFileType = sourcecode.swift; path = ProductCellView.swift; sourceTree = "<group>"; };
		4BA4B06E2C2EDB7A004DB95B /* SettingsViewModel.swift */ = {isa = PBXFileReference; lastKnownFileType = sourcecode.swift; path = SettingsViewModel.swift; sourceTree = "<group>"; };
		4BA4B0702C2EDC57004DB95B /* AuthenticationViewModel.swift */ = {isa = PBXFileReference; lastKnownFileType = sourcecode.swift; path = AuthenticationViewModel.swift; sourceTree = "<group>"; };
		4BA4B0742C2EDD4B004DB95B /* ProfileView.swift */ = {isa = PBXFileReference; lastKnownFileType = sourcecode.swift; path = ProfileView.swift; sourceTree = "<group>"; };
		4BA4B0772C2EE4BE004DB95B /* UserManager.swift */ = {isa = PBXFileReference; lastKnownFileType = sourcecode.swift; path = UserManager.swift; sourceTree = "<group>"; };
		4BB5FCDC2C494F140046F61D /* ProductCellViewBuilder.swift */ = {isa = PBXFileReference; lastKnownFileType = sourcecode.swift; path = ProductCellViewBuilder.swift; sourceTree = "<group>"; };
		4BEFCEAE2C3737FD001BA51E /* ProductsView.swift */ = {isa = PBXFileReference; lastKnownFileType = sourcecode.swift; path = ProductsView.swift; sourceTree = "<group>"; };
		4BEFCEB02C3740CC001BA51E /* ProductsDatabase.swift */ = {isa = PBXFileReference; fileEncoding = 4; lastKnownFileType = sourcecode.swift; path = ProductsDatabase.swift; sourceTree = "<group>"; };
		4BEFCEB22C374DDE001BA51E /* ProductsManager.swift */ = {isa = PBXFileReference; lastKnownFileType = sourcecode.swift; path = ProductsManager.swift; sourceTree = "<group>"; };
		4BEFCEB62C38166F001BA51E /* Data.json */ = {isa = PBXFileReference; lastKnownFileType = text.json; path = Data.json; sourceTree = "<group>"; };
/* End PBXFileReference section */

/* Begin PBXFrameworksBuildPhase section */
		4B466EB72C2239A1000896F2 /* Frameworks */ = {
			isa = PBXFrameworksBuildPhase;
			buildActionMask = 2147483647;
			files = (
				4B70216B2C2B4A5F00C2EC9F /* GoogleSignInSwift in Frameworks */,
				4B72EF3D2C223E76008DC0EA /* FirebaseAnalyticsSwift in Frameworks */,
				4B7021692C2B4A5F00C2EC9F /* GoogleSignIn in Frameworks */,
				4BA4B06B2C2EDA7F004DB95B /* FirebaseFirestoreSwift in Frameworks */,
				4B72EF452C23785A008DC0EA /* FirebaseAuth in Frameworks */,
				4B72EF3B2C223E76008DC0EA /* FirebaseAnalytics in Frameworks */,
				4BA4B0692C2EDA7F004DB95B /* FirebaseFirestore in Frameworks */,
			);
			runOnlyForDeploymentPostprocessing = 0;
		};
/* End PBXFrameworksBuildPhase section */

/* Begin PBXGroup section */
		4B10CC1A2C5AF04C003BF83C /* SecurityRules */ = {
			isa = PBXGroup;
			children = (
				4B10CC1B2C5AF06B003BF83C /* SecurityRules.swift */,
			);
			path = SecurityRules;
			sourceTree = "<group>";
		};
		4B1D570A2C4828F10054BE00 /* Views */ = {
			isa = PBXGroup;
			children = (
				4BEFCEAE2C3737FD001BA51E /* ProductsView.swift */,
				4B9889292C38A6CA00A3D4B8 /* SubViews */,
			);
			path = Views;
			sourceTree = "<group>";
		};
		4B1D570B2C485D5A0054BE00 /* Tabbar */ = {
			isa = PBXGroup;
			children = (
				4B1D570C2C485D740054BE00 /* TabbarView.swift */,
			);
			path = Tabbar;
			sourceTree = "<group>";
		};
		4B1D570E2C4860EA0054BE00 /* Favorites */ = {
			isa = PBXGroup;
			children = (
				4B1D570F2C4860F90054BE00 /* FavoriteView.swift */,
				4B5B31082C505B3800FE96C6 /* FavoriteViewModel.swift */,
			);
			path = Favorites;
			sourceTree = "<group>";
		};
		4B466EB12C2239A1000896F2 = {
			isa = PBXGroup;
			children = (
				4B466EBC2C2239A1000896F2 /* swftUI_FirebaseProject */,
				4B466EBB2C2239A1000896F2 /* Products */,
				4B72EF432C23785A008DC0EA /* Frameworks */,
			);
			sourceTree = "<group>";
		};
		4B466EBB2C2239A1000896F2 /* Products */ = {
			isa = PBXGroup;
			children = (
				4B466EBA2C2239A1000896F2 /* swftUI_FirebaseProject.app */,
			);
			name = Products;
			sourceTree = "<group>";
		};
		4B466EBC2C2239A1000896F2 /* swftUI_FirebaseProject */ = {
			isa = PBXGroup;
			children = (
				4B70216C2C2B4CBB00C2EC9F /* swftUI-FirebaseProject-Info.plist */,
				4B466EBD2C2239A1000896F2 /* swftUI_FirebaseProjectApp.swift */,
				4B10CC1A2C5AF04C003BF83C /* SecurityRules */,
				4B5B31042C505A1700FE96C6 /* Components */,
				4B5B31012C50597B00FE96C6 /* Extensions */,
				4BA4B0792C2EE4FF004DB95B /* ManagerSingletons */,
				4B70216D2C2B505700C2EC9F /* Utilities */,
				4BA4B06C2C2EDB06004DB95B /* Core */,
				4B72EF422C23778E008DC0EA /* Authentication */,
				4B466EC12C2239A2000896F2 /* Assets.xcassets */,
				4B72EF402C23774D008DC0EA /* GoogleService-Info.plist */,
				4B466EC32C2239A2000896F2 /* Preview Content */,
			);
			path = swftUI_FirebaseProject;
			sourceTree = "<group>";
		};
		4B466EC32C2239A2000896F2 /* Preview Content */ = {
			isa = PBXGroup;
			children = (
				4B466EC42C2239A2000896F2 /* Preview Assets.xcassets */,
			);
			path = "Preview Content";
			sourceTree = "<group>";
		};
		4B5B31012C50597B00FE96C6 /* Extensions */ = {
			isa = PBXGroup;
			children = (
				4B5B31022C50599800FE96C6 /* Query+EXT.swift */,
			);
			path = Extensions;
			sourceTree = "<group>";
		};
		4B5B31042C505A1700FE96C6 /* Components */ = {
			isa = PBXGroup;
			children = (
				4B5B31052C505A2F00FE96C6 /* ViewModifiers */,
			);
			path = Components;
			sourceTree = "<group>";
		};
		4B5B31052C505A2F00FE96C6 /* ViewModifiers */ = {
			isa = PBXGroup;
			children = (
				4B5B31062C505A6A00FE96C6 /* OnFirstAppearViewModifier.swift */,
			);
			path = ViewModifiers;
			sourceTree = "<group>";
		};
		4B5B310A2C505BB100FE96C6 /* ViewModel */ = {
			isa = PBXGroup;
			children = (
				4B5B310B2C505BD800FE96C6 /* ProductsViewModel.swift */,
			);
			path = ViewModel;
			sourceTree = "<group>";
		};
		4B70216D2C2B505700C2EC9F /* Utilities */ = {
			isa = PBXGroup;
			children = (
				4B9889282C389B2C00A3D4B8 /* Mock */,
				4B70216E2C2B507A00C2EC9F /* Utilities.swift */,
			);
			path = Utilities;
			sourceTree = "<group>";
		};
		4B72EF422C23778E008DC0EA /* Authentication */ = {
			isa = PBXGroup;
			children = (
				4B7021702C2B640F00C2EC9F /* SignInGoogleHelper.swift */,
				4BA4B0702C2EDC57004DB95B /* AuthenticationViewModel.swift */,
				4B72EF462C2378EE008DC0EA /* AuthenticationView.swift */,
				4BA4B0722C2EDC8A004DB95B /* SubViews */,
			);
			path = Authentication;
			sourceTree = "<group>";
		};
		4B72EF432C23785A008DC0EA /* Frameworks */ = {
			isa = PBXGroup;
			children = (
			);
			name = Frameworks;
			sourceTree = "<group>";
		};
		4B72EF4C2C237C9A008DC0EA /* SignIn */ = {
			isa = PBXGroup;
			children = (
				4B72EF4A2C237C93008DC0EA /* AuthenticationManager.swift */,
			);
			path = SignIn;
			sourceTree = "<group>";
		};
		4B9889272C3899F800A3D4B8 /* Model */ = {
			isa = PBXGroup;
			children = (
				4BEFCEB02C3740CC001BA51E /* ProductsDatabase.swift */,
			);
			path = Model;
			sourceTree = "<group>";
		};
		4B9889282C389B2C00A3D4B8 /* Mock */ = {
			isa = PBXGroup;
			children = (
				4BEFCEB62C38166F001BA51E /* Data.json */,
			);
			path = Mock;
			sourceTree = "<group>";
		};
		4B9889292C38A6CA00A3D4B8 /* SubViews */ = {
			isa = PBXGroup;
			children = (
				4B98892A2C38A6FB00A3D4B8 /* ProductCellView.swift */,
				4BB5FCDC2C494F140046F61D /* ProductCellViewBuilder.swift */,
			);
			path = SubViews;
			sourceTree = "<group>";
		};
		4BA4B06C2C2EDB06004DB95B /* Core */ = {
			isa = PBXGroup;
			children = (
				4B72EF512C245445008DC0EA /* RootView.swift */,
				4B1D570E2C4860EA0054BE00 /* Favorites */,
				4B1D570B2C485D5A0054BE00 /* Tabbar */,
				4BEFCEAD2C3737DC001BA51E /* Products */,
				4BA4B0732C2EDD3D004DB95B /* Profile */,
				4BA4B06D2C2EDB5D004DB95B /* Settings */,
			);
			path = Core;
			sourceTree = "<group>";
		};
		4BA4B06D2C2EDB5D004DB95B /* Settings */ = {
			isa = PBXGroup;
			children = (
				4B72EF532C245A65008DC0EA /* SettingsView.swift */,
				4BA4B06E2C2EDB7A004DB95B /* SettingsViewModel.swift */,
			);
			path = Settings;
			sourceTree = "<group>";
		};
		4BA4B0722C2EDC8A004DB95B /* SubViews */ = {
			isa = PBXGroup;
			children = (
				4B72EF4F2C237CDB008DC0EA /* SignInEmailViewModel.swift */,
				4B72EF482C237A26008DC0EA /* SignInEmailView.swift */,
			);
			path = SubViews;
			sourceTree = "<group>";
		};
		4BA4B0732C2EDD3D004DB95B /* Profile */ = {
			isa = PBXGroup;
			children = (
				4BA4B0742C2EDD4B004DB95B /* ProfileView.swift */,
			);
			path = Profile;
			sourceTree = "<group>";
		};
		4BA4B0762C2EE479004DB95B /* Firestore */ = {
			isa = PBXGroup;
			children = (
				4BA4B0772C2EE4BE004DB95B /* UserManager.swift */,
				4BEFCEB22C374DDE001BA51E /* ProductsManager.swift */,
			);
			path = Firestore;
			sourceTree = "<group>";
		};
		4BA4B0792C2EE4FF004DB95B /* ManagerSingletons */ = {
			isa = PBXGroup;
			children = (
				4B72EF4C2C237C9A008DC0EA /* SignIn */,
				4BA4B0762C2EE479004DB95B /* Firestore */,
			);
			path = ManagerSingletons;
			sourceTree = "<group>";
		};
		4BEFCEAD2C3737DC001BA51E /* Products */ = {
			isa = PBXGroup;
			children = (
				4B9889272C3899F800A3D4B8 /* Model */,
				4B5B310A2C505BB100FE96C6 /* ViewModel */,
				4B1D570A2C4828F10054BE00 /* Views */,
			);
			path = Products;
			sourceTree = "<group>";
		};
/* End PBXGroup section */

/* Begin PBXNativeTarget section */
		4B466EB92C2239A1000896F2 /* swftUI_FirebaseProject */ = {
			isa = PBXNativeTarget;
			buildConfigurationList = 4B466EC82C2239A2000896F2 /* Build configuration list for PBXNativeTarget "swftUI_FirebaseProject" */;
			buildPhases = (
				4B466EB62C2239A1000896F2 /* Sources */,
				4B466EB72C2239A1000896F2 /* Frameworks */,
				4B466EB82C2239A1000896F2 /* Resources */,
			);
			buildRules = (
			);
			dependencies = (
			);
			name = swftUI_FirebaseProject;
			packageProductDependencies = (
				4B72EF3A2C223E76008DC0EA /* FirebaseAnalytics */,
				4B72EF3C2C223E76008DC0EA /* FirebaseAnalyticsSwift */,
				4B72EF442C23785A008DC0EA /* FirebaseAuth */,
				4B7021682C2B4A5F00C2EC9F /* GoogleSignIn */,
				4B70216A2C2B4A5F00C2EC9F /* GoogleSignInSwift */,
				4BA4B0682C2EDA7F004DB95B /* FirebaseFirestore */,
				4BA4B06A2C2EDA7F004DB95B /* FirebaseFirestoreSwift */,
			);
			productName = swftUI_FirebaseProject;
			productReference = 4B466EBA2C2239A1000896F2 /* swftUI_FirebaseProject.app */;
			productType = "com.apple.product-type.application";
		};
/* End PBXNativeTarget section */

/* Begin PBXProject section */
		4B466EB22C2239A1000896F2 /* Project object */ = {
			isa = PBXProject;
			attributes = {
				BuildIndependentTargetsInParallel = 1;
				LastSwiftUpdateCheck = 1540;
				LastUpgradeCheck = 1540;
				TargetAttributes = {
					4B466EB92C2239A1000896F2 = {
						CreatedOnToolsVersion = 15.4;
					};
				};
			};
			buildConfigurationList = 4B466EB52C2239A1000896F2 /* Build configuration list for PBXProject "swftUI_FirebaseProject" */;
			compatibilityVersion = "Xcode 14.0";
			developmentRegion = en;
			hasScannedForEncodings = 0;
			knownRegions = (
				en,
				Base,
			);
			mainGroup = 4B466EB12C2239A1000896F2;
			packageReferences = (
				4B466ECD2C223C27000896F2 /* XCRemoteSwiftPackageReference "firebase-ios-sdk" */,
				4B7021672C2B4A5F00C2EC9F /* XCRemoteSwiftPackageReference "GoogleSignIn-iOS" */,
			);
			productRefGroup = 4B466EBB2C2239A1000896F2 /* Products */;
			projectDirPath = "";
			projectRoot = "";
			targets = (
				4B466EB92C2239A1000896F2 /* swftUI_FirebaseProject */,
			);
		};
/* End PBXProject section */

/* Begin PBXResourcesBuildPhase section */
		4B466EB82C2239A1000896F2 /* Resources */ = {
			isa = PBXResourcesBuildPhase;
			buildActionMask = 2147483647;
			files = (
				4B466EC52C2239A2000896F2 /* Preview Assets.xcassets in Resources */,
				4B466EC22C2239A2000896F2 /* Assets.xcassets in Resources */,
				4B72EF412C23774D008DC0EA /* GoogleService-Info.plist in Resources */,
			);
			runOnlyForDeploymentPostprocessing = 0;
		};
/* End PBXResourcesBuildPhase section */

/* Begin PBXSourcesBuildPhase section */
		4B466EB62C2239A1000896F2 /* Sources */ = {
			isa = PBXSourcesBuildPhase;
			buildActionMask = 2147483647;
			files = (
				4B10CC1C2C5AF06B003BF83C /* SecurityRules.swift in Sources */,
				4B5B31072C505A6A00FE96C6 /* OnFirstAppearViewModifier.swift in Sources */,
				4B1D570D2C485D740054BE00 /* TabbarView.swift in Sources */,
				4B72EF542C245A65008DC0EA /* SettingsView.swift in Sources */,
				4B466EBE2C2239A1000896F2 /* swftUI_FirebaseProjectApp.swift in Sources */,
				4B5B31092C505B3800FE96C6 /* FavoriteViewModel.swift in Sources */,
				4B72EF472C2378EE008DC0EA /* AuthenticationView.swift in Sources */,
				4BA4B0782C2EE4BE004DB95B /* UserManager.swift in Sources */,
				4B72EF522C245445008DC0EA /* RootView.swift in Sources */,
				4BB5FCDD2C494F140046F61D /* ProductCellViewBuilder.swift in Sources */,
				4BA4B0752C2EDD4B004DB95B /* ProfileView.swift in Sources */,
				4BA4B0712C2EDC57004DB95B /* AuthenticationViewModel.swift in Sources */,
				4B7021712C2B640F00C2EC9F /* SignInGoogleHelper.swift in Sources */,
				4BA4B06F2C2EDB7A004DB95B /* SettingsViewModel.swift in Sources */,
				4B72EF4B2C237C93008DC0EA /* AuthenticationManager.swift in Sources */,
				4B98892B2C38A6FB00A3D4B8 /* ProductCellView.swift in Sources */,
				4B72EF492C237A26008DC0EA /* SignInEmailView.swift in Sources */,
				4B70216F2C2B507A00C2EC9F /* Utilities.swift in Sources */,
				4B72EF502C237CDB008DC0EA /* SignInEmailViewModel.swift in Sources */,
				4B5B310C2C505BD800FE96C6 /* ProductsViewModel.swift in Sources */,
				4BEFCEB12C3740CC001BA51E /* ProductsDatabase.swift in Sources */,
				4BEFCEAF2C3737FD001BA51E /* ProductsView.swift in Sources */,
				4B5B31032C50599800FE96C6 /* Query+EXT.swift in Sources */,
				4BEFCEB32C374DDE001BA51E /* ProductsManager.swift in Sources */,
				4B1D57102C4860F90054BE00 /* FavoriteView.swift in Sources */,
			);
			runOnlyForDeploymentPostprocessing = 0;
		};
/* End PBXSourcesBuildPhase section */

/* Begin XCBuildConfiguration section */
		4B466EC62C2239A2000896F2 /* Debug */ = {
			isa = XCBuildConfiguration;
			buildSettings = {
				ALWAYS_SEARCH_USER_PATHS = NO;
				ASSETCATALOG_COMPILER_GENERATE_SWIFT_ASSET_SYMBOL_EXTENSIONS = YES;
				CLANG_ANALYZER_NONNULL = YES;
				CLANG_ANALYZER_NUMBER_OBJECT_CONVERSION = YES_AGGRESSIVE;
				CLANG_CXX_LANGUAGE_STANDARD = "gnu++20";
				CLANG_ENABLE_MODULES = YES;
				CLANG_ENABLE_OBJC_ARC = YES;
				CLANG_ENABLE_OBJC_WEAK = YES;
				CLANG_WARN_BLOCK_CAPTURE_AUTORELEASING = YES;
				CLANG_WARN_BOOL_CONVERSION = YES;
				CLANG_WARN_COMMA = YES;
				CLANG_WARN_CONSTANT_CONVERSION = YES;
				CLANG_WARN_DEPRECATED_OBJC_IMPLEMENTATIONS = YES;
				CLANG_WARN_DIRECT_OBJC_ISA_USAGE = YES_ERROR;
				CLANG_WARN_DOCUMENTATION_COMMENTS = YES;
				CLANG_WARN_EMPTY_BODY = YES;
				CLANG_WARN_ENUM_CONVERSION = YES;
				CLANG_WARN_INFINITE_RECURSION = YES;
				CLANG_WARN_INT_CONVERSION = YES;
				CLANG_WARN_NON_LITERAL_NULL_CONVERSION = YES;
				CLANG_WARN_OBJC_IMPLICIT_RETAIN_SELF = YES;
				CLANG_WARN_OBJC_LITERAL_CONVERSION = YES;
				CLANG_WARN_OBJC_ROOT_CLASS = YES_ERROR;
				CLANG_WARN_QUOTED_INCLUDE_IN_FRAMEWORK_HEADER = YES;
				CLANG_WARN_RANGE_LOOP_ANALYSIS = YES;
				CLANG_WARN_STRICT_PROTOTYPES = YES;
				CLANG_WARN_SUSPICIOUS_MOVE = YES;
				CLANG_WARN_UNGUARDED_AVAILABILITY = YES_AGGRESSIVE;
				CLANG_WARN_UNREACHABLE_CODE = YES;
				CLANG_WARN__DUPLICATE_METHOD_MATCH = YES;
				COPY_PHASE_STRIP = NO;
				DEBUG_INFORMATION_FORMAT = dwarf;
				ENABLE_STRICT_OBJC_MSGSEND = YES;
				ENABLE_TESTABILITY = YES;
				ENABLE_USER_SCRIPT_SANDBOXING = YES;
				GCC_C_LANGUAGE_STANDARD = gnu17;
				GCC_DYNAMIC_NO_PIC = NO;
				GCC_NO_COMMON_BLOCKS = YES;
				GCC_OPTIMIZATION_LEVEL = 0;
				GCC_PREPROCESSOR_DEFINITIONS = (
					"DEBUG=1",
					"$(inherited)",
				);
				GCC_WARN_64_TO_32_BIT_CONVERSION = YES;
				GCC_WARN_ABOUT_RETURN_TYPE = YES_ERROR;
				GCC_WARN_UNDECLARED_SELECTOR = YES;
				GCC_WARN_UNINITIALIZED_AUTOS = YES_AGGRESSIVE;
				GCC_WARN_UNUSED_FUNCTION = YES;
				GCC_WARN_UNUSED_VARIABLE = YES;
				IPHONEOS_DEPLOYMENT_TARGET = 17.5;
				LOCALIZATION_PREFERS_STRING_CATALOGS = YES;
				MTL_ENABLE_DEBUG_INFO = INCLUDE_SOURCE;
				MTL_FAST_MATH = YES;
				ONLY_ACTIVE_ARCH = YES;
				SDKROOT = iphoneos;
				SWIFT_ACTIVE_COMPILATION_CONDITIONS = "DEBUG $(inherited)";
				SWIFT_OPTIMIZATION_LEVEL = "-Onone";
			};
			name = Debug;
		};
		4B466EC72C2239A2000896F2 /* Release */ = {
			isa = XCBuildConfiguration;
			buildSettings = {
				ALWAYS_SEARCH_USER_PATHS = NO;
				ASSETCATALOG_COMPILER_GENERATE_SWIFT_ASSET_SYMBOL_EXTENSIONS = YES;
				CLANG_ANALYZER_NONNULL = YES;
				CLANG_ANALYZER_NUMBER_OBJECT_CONVERSION = YES_AGGRESSIVE;
				CLANG_CXX_LANGUAGE_STANDARD = "gnu++20";
				CLANG_ENABLE_MODULES = YES;
				CLANG_ENABLE_OBJC_ARC = YES;
				CLANG_ENABLE_OBJC_WEAK = YES;
				CLANG_WARN_BLOCK_CAPTURE_AUTORELEASING = YES;
				CLANG_WARN_BOOL_CONVERSION = YES;
				CLANG_WARN_COMMA = YES;
				CLANG_WARN_CONSTANT_CONVERSION = YES;
				CLANG_WARN_DEPRECATED_OBJC_IMPLEMENTATIONS = YES;
				CLANG_WARN_DIRECT_OBJC_ISA_USAGE = YES_ERROR;
				CLANG_WARN_DOCUMENTATION_COMMENTS = YES;
				CLANG_WARN_EMPTY_BODY = YES;
				CLANG_WARN_ENUM_CONVERSION = YES;
				CLANG_WARN_INFINITE_RECURSION = YES;
				CLANG_WARN_INT_CONVERSION = YES;
				CLANG_WARN_NON_LITERAL_NULL_CONVERSION = YES;
				CLANG_WARN_OBJC_IMPLICIT_RETAIN_SELF = YES;
				CLANG_WARN_OBJC_LITERAL_CONVERSION = YES;
				CLANG_WARN_OBJC_ROOT_CLASS = YES_ERROR;
				CLANG_WARN_QUOTED_INCLUDE_IN_FRAMEWORK_HEADER = YES;
				CLANG_WARN_RANGE_LOOP_ANALYSIS = YES;
				CLANG_WARN_STRICT_PROTOTYPES = YES;
				CLANG_WARN_SUSPICIOUS_MOVE = YES;
				CLANG_WARN_UNGUARDED_AVAILABILITY = YES_AGGRESSIVE;
				CLANG_WARN_UNREACHABLE_CODE = YES;
				CLANG_WARN__DUPLICATE_METHOD_MATCH = YES;
				COPY_PHASE_STRIP = NO;
				DEBUG_INFORMATION_FORMAT = "dwarf-with-dsym";
				ENABLE_NS_ASSERTIONS = NO;
				ENABLE_STRICT_OBJC_MSGSEND = YES;
				ENABLE_USER_SCRIPT_SANDBOXING = YES;
				GCC_C_LANGUAGE_STANDARD = gnu17;
				GCC_NO_COMMON_BLOCKS = YES;
				GCC_WARN_64_TO_32_BIT_CONVERSION = YES;
				GCC_WARN_ABOUT_RETURN_TYPE = YES_ERROR;
				GCC_WARN_UNDECLARED_SELECTOR = YES;
				GCC_WARN_UNINITIALIZED_AUTOS = YES_AGGRESSIVE;
				GCC_WARN_UNUSED_FUNCTION = YES;
				GCC_WARN_UNUSED_VARIABLE = YES;
				IPHONEOS_DEPLOYMENT_TARGET = 17.5;
				LOCALIZATION_PREFERS_STRING_CATALOGS = YES;
				MTL_ENABLE_DEBUG_INFO = NO;
				MTL_FAST_MATH = YES;
				SDKROOT = iphoneos;
				SWIFT_COMPILATION_MODE = wholemodule;
				VALIDATE_PRODUCT = YES;
			};
			name = Release;
		};
		4B466EC92C2239A2000896F2 /* Debug */ = {
			isa = XCBuildConfiguration;
			buildSettings = {
				ASSETCATALOG_COMPILER_APPICON_NAME = AppIcon;
				ASSETCATALOG_COMPILER_GLOBAL_ACCENT_COLOR_NAME = AccentColor;
				CODE_SIGN_STYLE = Automatic;
				CURRENT_PROJECT_VERSION = 1;
				DEVELOPMENT_ASSET_PATHS = "\"swftUI_FirebaseProject/Preview Content\"";
				DEVELOPMENT_TEAM = B4R97N34U3;
				ENABLE_PREVIEWS = YES;
				GENERATE_INFOPLIST_FILE = YES;
				INFOPLIST_FILE = "swftUI-FirebaseProject-Info.plist";
				INFOPLIST_KEY_UIApplicationSceneManifest_Generation = YES;
				INFOPLIST_KEY_UIApplicationSupportsIndirectInputEvents = YES;
				INFOPLIST_KEY_UILaunchScreen_Generation = YES;
				INFOPLIST_KEY_UISupportedInterfaceOrientations_iPad = "UIInterfaceOrientationPortrait UIInterfaceOrientationPortraitUpsideDown UIInterfaceOrientationLandscapeLeft UIInterfaceOrientationLandscapeRight";
				INFOPLIST_KEY_UISupportedInterfaceOrientations_iPhone = "UIInterfaceOrientationPortrait UIInterfaceOrientationLandscapeLeft UIInterfaceOrientationLandscapeRight";
				IPHONEOS_DEPLOYMENT_TARGET = 17.5;
				LD_RUNPATH_SEARCH_PATHS = (
					"$(inherited)",
					"@executable_path/Frameworks",
				);
				MARKETING_VERSION = 1.0;
				PRODUCT_BUNDLE_IDENTIFIER = "XA1.swftUI-FirebaseProject";
				PRODUCT_NAME = "$(TARGET_NAME)";
				SUPPORTED_PLATFORMS = "iphoneos iphonesimulator";
				SUPPORTS_MACCATALYST = NO;
				SUPPORTS_MAC_DESIGNED_FOR_IPHONE_IPAD = NO;
				SUPPORTS_XR_DESIGNED_FOR_IPHONE_IPAD = NO;
				SWIFT_EMIT_LOC_STRINGS = YES;
				SWIFT_VERSION = 5.0;
				TARGETED_DEVICE_FAMILY = "1,2";
			};
			name = Debug;
		};
		4B466ECA2C2239A2000896F2 /* Release */ = {
			isa = XCBuildConfiguration;
			buildSettings = {
				ASSETCATALOG_COMPILER_APPICON_NAME = AppIcon;
				ASSETCATALOG_COMPILER_GLOBAL_ACCENT_COLOR_NAME = AccentColor;
				CODE_SIGN_STYLE = Automatic;
				CURRENT_PROJECT_VERSION = 1;
				DEVELOPMENT_ASSET_PATHS = "\"swftUI_FirebaseProject/Preview Content\"";
				DEVELOPMENT_TEAM = B4R97N34U3;
				ENABLE_PREVIEWS = YES;
				GENERATE_INFOPLIST_FILE = YES;
				INFOPLIST_FILE = "swftUI-FirebaseProject-Info.plist";
				INFOPLIST_KEY_UIApplicationSceneManifest_Generation = YES;
				INFOPLIST_KEY_UIApplicationSupportsIndirectInputEvents = YES;
				INFOPLIST_KEY_UILaunchScreen_Generation = YES;
				INFOPLIST_KEY_UISupportedInterfaceOrientations_iPad = "UIInterfaceOrientationPortrait UIInterfaceOrientationPortraitUpsideDown UIInterfaceOrientationLandscapeLeft UIInterfaceOrientationLandscapeRight";
				INFOPLIST_KEY_UISupportedInterfaceOrientations_iPhone = "UIInterfaceOrientationPortrait UIInterfaceOrientationLandscapeLeft UIInterfaceOrientationLandscapeRight";
				IPHONEOS_DEPLOYMENT_TARGET = 17.5;
				LD_RUNPATH_SEARCH_PATHS = (
					"$(inherited)",
					"@executable_path/Frameworks",
				);
				MARKETING_VERSION = 1.0;
				PRODUCT_BUNDLE_IDENTIFIER = "XA1.swftUI-FirebaseProject";
				PRODUCT_NAME = "$(TARGET_NAME)";
				SUPPORTED_PLATFORMS = "iphoneos iphonesimulator";
				SUPPORTS_MACCATALYST = NO;
				SUPPORTS_MAC_DESIGNED_FOR_IPHONE_IPAD = NO;
				SUPPORTS_XR_DESIGNED_FOR_IPHONE_IPAD = NO;
				SWIFT_EMIT_LOC_STRINGS = YES;
				SWIFT_VERSION = 5.0;
				TARGETED_DEVICE_FAMILY = "1,2";
			};
			name = Release;
		};
/* End XCBuildConfiguration section */

/* Begin XCConfigurationList section */
		4B466EB52C2239A1000896F2 /* Build configuration list for PBXProject "swftUI_FirebaseProject" */ = {
			isa = XCConfigurationList;
			buildConfigurations = (
				4B466EC62C2239A2000896F2 /* Debug */,
				4B466EC72C2239A2000896F2 /* Release */,
			);
			defaultConfigurationIsVisible = 0;
			defaultConfigurationName = Release;
		};
		4B466EC82C2239A2000896F2 /* Build configuration list for PBXNativeTarget "swftUI_FirebaseProject" */ = {
			isa = XCConfigurationList;
			buildConfigurations = (
				4B466EC92C2239A2000896F2 /* Debug */,
				4B466ECA2C2239A2000896F2 /* Release */,
			);
			defaultConfigurationIsVisible = 0;
			defaultConfigurationName = Release;
		};
/* End XCConfigurationList section */

/* Begin XCRemoteSwiftPackageReference section */
		4B466ECD2C223C27000896F2 /* XCRemoteSwiftPackageReference "firebase-ios-sdk" */ = {
			isa = XCRemoteSwiftPackageReference;
			repositoryURL = "https://github.com/firebase/firebase-ios-sdk.git";
			requirement = {
				kind = exactVersion;
				version = 10.28.0;
			};
		};
		4B7021672C2B4A5F00C2EC9F /* XCRemoteSwiftPackageReference "GoogleSignIn-iOS" */ = {
			isa = XCRemoteSwiftPackageReference;
			repositoryURL = "https://github.com/google/GoogleSignIn-iOS.git";
			requirement = {
				kind = upToNextMajorVersion;
				minimumVersion = 7.0.0;
			};
		};
/* End XCRemoteSwiftPackageReference section */

/* Begin XCSwiftPackageProductDependency section */
		4B7021682C2B4A5F00C2EC9F /* GoogleSignIn */ = {
			isa = XCSwiftPackageProductDependency;
			package = 4B7021672C2B4A5F00C2EC9F /* XCRemoteSwiftPackageReference "GoogleSignIn-iOS" */;
			productName = GoogleSignIn;
		};
		4B70216A2C2B4A5F00C2EC9F /* GoogleSignInSwift */ = {
			isa = XCSwiftPackageProductDependency;
			package = 4B7021672C2B4A5F00C2EC9F /* XCRemoteSwiftPackageReference "GoogleSignIn-iOS" */;
			productName = GoogleSignInSwift;
		};
		4B72EF3A2C223E76008DC0EA /* FirebaseAnalytics */ = {
			isa = XCSwiftPackageProductDependency;
			package = 4B466ECD2C223C27000896F2 /* XCRemoteSwiftPackageReference "firebase-ios-sdk" */;
			productName = FirebaseAnalytics;
		};
		4B72EF3C2C223E76008DC0EA /* FirebaseAnalyticsSwift */ = {
			isa = XCSwiftPackageProductDependency;
			package = 4B466ECD2C223C27000896F2 /* XCRemoteSwiftPackageReference "firebase-ios-sdk" */;
			productName = FirebaseAnalyticsSwift;
		};
		4B72EF442C23785A008DC0EA /* FirebaseAuth */ = {
			isa = XCSwiftPackageProductDependency;
			package = 4B466ECD2C223C27000896F2 /* XCRemoteSwiftPackageReference "firebase-ios-sdk" */;
			productName = FirebaseAuth;
		};
		4BA4B0682C2EDA7F004DB95B /* FirebaseFirestore */ = {
			isa = XCSwiftPackageProductDependency;
			package = 4B466ECD2C223C27000896F2 /* XCRemoteSwiftPackageReference "firebase-ios-sdk" */;
			productName = FirebaseFirestore;
		};
		4BA4B06A2C2EDA7F004DB95B /* FirebaseFirestoreSwift */ = {
			isa = XCSwiftPackageProductDependency;
			package = 4B466ECD2C223C27000896F2 /* XCRemoteSwiftPackageReference "firebase-ios-sdk" */;
			productName = FirebaseFirestoreSwift;
		};
/* End XCSwiftPackageProductDependency section */
	};
	rootObject = 4B466EB22C2239A1000896F2 /* Project object */;
}
